
Microsoft Visual Studio Solution File, Format Version 12.00
# Visual Studio Version 16
VisualStudioVersion = 16.0.810.9
MinimumVisualStudioVersion = 10.0.40219.1
Project("{FAE04EC0-301F-11D3-BF4B-00C04F79EFBC}") = "chapter1", "chapter1\chapter1.csproj", "{A545EDEC-AF17-4CD7-80ED-1641552D2843}"
EndProject
Project("{FAE04EC0-301F-11D3-BF4B-00C04F79EFBC}") = "chapter3", "chapter3\chapter3.csproj", "{B514C6F1-BD24-466A-A9F0-76D7CAE8F318}"
EndProject
Project("{FAE04EC0-301F-11D3-BF4B-00C04F79EFBC}") = "chapter4", "chapter4\chapter4.csproj", "{917E5369-44E5-4D7D-BFF2-91E1B65918CC}"
EndProject
Project("{FAE04EC0-301F-11D3-BF4B-00C04F79EFBC}") = "chapter14", "chapter14\chapter14.csproj", "{6F431560-F4CF-420D-BF13-1E581FC41B4E}"
EndProject
Global
	GlobalSection(SolutionConfigurationPlatforms) = preSolution
		Debug|Any CPU = Debug|Any CPU
		Release|Any CPU = Release|Any CPU
	EndGlobalSection
	GlobalSection(ProjectConfigurationPlatforms) = postSolution
		{A545EDEC-AF17-4CD7-80ED-1641552D2843}.Debug|Any CPU.ActiveCfg = Debug|Any CPU
		{A545EDEC-AF17-4CD7-80ED-1641552D2843}.Debug|Any CPU.Build.0 = Debug|Any CPU
		{A545EDEC-AF17-4CD7-80ED-1641552D2843}.Release|Any CPU.ActiveCfg = Release|Any CPU
		{A545EDEC-AF17-4CD7-80ED-1641552D2843}.Release|Any CPU.Build.0 = Release|Any CPU
		{B514C6F1-BD24-466A-A9F0-76D7CAE8F318}.Debug|Any CPU.ActiveCfg = Debug|Any CPU
		{B514C6F1-BD24-466A-A9F0-76D7CAE8F318}.Debug|Any CPU.Build.0 = Debug|Any CPU
		{B514C6F1-BD24-466A-A9F0-76D7CAE8F318}.Release|Any CPU.ActiveCfg = Release|Any CPU
		{B514C6F1-BD24-466A-A9F0-76D7CAE8F318}.Release|Any CPU.Build.0 = Release|Any CPU
		{917E5369-44E5-4D7D-BFF2-91E1B65918CC}.Debug|Any CPU.ActiveCfg = Debug|Any CPU
		{917E5369-44E5-4D7D-BFF2-91E1B65918CC}.Debug|Any CPU.Build.0 = Debug|Any CPU
		{917E5369-44E5-4D7D-BFF2-91E1B65918CC}.Release|Any CPU.ActiveCfg = Release|Any CPU
		{917E5369-44E5-4D7D-BFF2-91E1B65918CC}.Release|Any CPU.Build.0 = Release|Any CPU
		{6F431560-F4CF-420D-BF13-1E581FC41B4E}.Debug|Any CPU.ActiveCfg = Debug|Any CPU
		{6F431560-F4CF-420D-BF13-1E581FC41B4E}.Debug|Any CPU.Build.0 = Debug|Any CPU
		{6F431560-F4CF-420D-BF13-1E581FC41B4E}.Release|Any CPU.ActiveCfg = Release|Any CPU
		{6F431560-F4CF-420D-BF13-1E581FC41B4E}.Release|Any CPU.Build.0 = Release|Any CPU
	EndGlobalSection
	GlobalSection(SolutionProperties) = preSolution
		HideSolutionNode = FALSE
	EndGlobalSection
	GlobalSection(ExtensibilityGlobals) = postSolution
		SolutionGuid = {EEB15B73-E5F4-4D6A-8C3B-B6188505878F}
	EndGlobalSection
EndGlobal
